// !$*UTF8*$!
{
	archiveVersion = 1;
	classes = {
	};
	objectVersion = 45;
	objects = {

/* Begin PBXBuildFile section */
		1D60589B0D05DD56006BFB54 /* main.m in Sources */ = {isa = PBXBuildFile; fileRef = 29B97316FDCFA39411CA2CEA /* main.m */; };
		1D60589F0D05DD5A006BFB54 /* Foundation.framework in Frameworks */ = {isa = PBXBuildFile; fileRef = 1D30AB110D05D00D00671497 /* Foundation.framework */; };
		1DF5F4E00D08C38300B7A737 /* UIKit.framework in Frameworks */ = {isa = PBXBuildFile; fileRef = 1DF5F4DF0D08C38300B7A737 /* UIKit.framework */; };
		288765FD0DF74451002DB57D /* CoreGraphics.framework in Frameworks */ = {isa = PBXBuildFile; fileRef = 288765FC0DF74451002DB57D /* CoreGraphics.framework */; };
		3A3BA19411957B3C0021D14B /* DemoAppDelegate.m in Sources */ = {isa = PBXBuildFile; fileRef = 3A3BA19111957B3C0021D14B /* DemoAppDelegate.m */; };
		3A3BA19911957B580021D14B /* MainWindow.xib in Resources */ = {isa = PBXBuildFile; fileRef = 3A3BA19811957B580021D14B /* MainWindow.xib */; };
		3A3BA1A811957C3D0021D14B /* button_11.png in Resources */ = {isa = PBXBuildFile; fileRef = 3A3BA19E11957C3D0021D14B /* button_11.png */; };
		3A3BA1A911957C3D0021D14B /* button_12.png in Resources */ = {isa = PBXBuildFile; fileRef = 3A3BA19F11957C3D0021D14B /* button_12.png */; };
		3A3BA1AA11957C3D0021D14B /* button_13.png in Resources */ = {isa = PBXBuildFile; fileRef = 3A3BA1A011957C3D0021D14B /* button_13.png */; };
		3A3BA1AB11957C3D0021D14B /* button_21.png in Resources */ = {isa = PBXBuildFile; fileRef = 3A3BA1A111957C3D0021D14B /* button_21.png */; };
		3A3BA1AC11957C3D0021D14B /* button_22.png in Resources */ = {isa = PBXBuildFile; fileRef = 3A3BA1A211957C3D0021D14B /* button_22.png */; };
		3A3BA1AD11957C3D0021D14B /* button_23.png in Resources */ = {isa = PBXBuildFile; fileRef = 3A3BA1A311957C3D0021D14B /* button_23.png */; };
		3A3BA1AE11957C3D0021D14B /* button_31.png in Resources */ = {isa = PBXBuildFile; fileRef = 3A3BA1A411957C3D0021D14B /* button_31.png */; };
		3A3BA1AF11957C3D0021D14B /* button_32.png in Resources */ = {isa = PBXBuildFile; fileRef = 3A3BA1A511957C3D0021D14B /* button_32.png */; };
		3A3BA1B011957C3D0021D14B /* button_33.png in Resources */ = {isa = PBXBuildFile; fileRef = 3A3BA1A611957C3D0021D14B /* button_33.png */; };
		3A3BA1B111957C3D0021D14B /* button_background.png in Resources */ = {isa = PBXBuildFile; fileRef = 3A3BA1A711957C3D0021D14B /* button_background.png */; };
		3A3BA1D9119581240021D14B /* MainMenuController.xib in Resources */ = {isa = PBXBuildFile; fileRef = 3A3BA1D8119581240021D14B /* MainMenuController.xib */; };
		3A3BA1DD1195813A0021D14B /* MainMenuController.m in Sources */ = {isa = PBXBuildFile; fileRef = 3A3BA1DC1195813A0021D14B /* MainMenuController.m */; };
		3A3BA1E7119581970021D14B /* bar.png in Resources */ = {isa = PBXBuildFile; fileRef = 3A3BA1E1119581970021D14B /* bar.png */; };
		3A3BA1E8119581970021D14B /* companies.png in Resources */ = {isa = PBXBuildFile; fileRef = 3A3BA1E2119581970021D14B /* companies.png */; };
		3A3BA1E9119581970021D14B /* Default-Landscape.png in Resources */ = {isa = PBXBuildFile; fileRef = 3A3BA1E3119581970021D14B /* Default-Landscape.png */; };
		3A3BA1EA119581970021D14B /* Default-Portrait.png in Resources */ = {isa = PBXBuildFile; fileRef = 3A3BA1E4119581970021D14B /* Default-Portrait.png */; };
		3A3BA1EB119581970021D14B /* digital_20_title.png in Resources */ = {isa = PBXBuildFile; fileRef = 3A3BA1E5119581970021D14B /* digital_20_title.png */; };
		3A3BA1EC119581970021D14B /* footer.png in Resources */ = {isa = PBXBuildFile; fileRef = 3A3BA1E6119581970021D14B /* footer.png */; };
		3A3BA23B119584320021D14B /* Entitlements.plist in Resources */ = {isa = PBXBuildFile; fileRef = 3A3BA23A119584320021D14B /* Entitlements.plist */; };
		3A3BA2B211958C180021D14B /* CoreLocation.framework in Frameworks */ = {isa = PBXBuildFile; fileRef = 3A3BA2B111958C180021D14B /* CoreLocation.framework */; };
		3A43D82111958FCD005C9F65 /* button_31_needle.png in Resources */ = {isa = PBXBuildFile; fileRef = 3A43D82011958FCD005C9F65 /* button_31_needle.png */; };
		3A43D8B41195A38E005C9F65 /* button_22_hours.png in Resources */ = {isa = PBXBuildFile; fileRef = 3A43D8B11195A38E005C9F65 /* button_22_hours.png */; };
		3A43D8B51195A38E005C9F65 /* button_22_minutes.png in Resources */ = {isa = PBXBuildFile; fileRef = 3A43D8B21195A38E005C9F65 /* button_22_minutes.png */; };
		3A43D9471195A81E005C9F65 /* OpenGLES.framework in Frameworks */ = {isa = PBXBuildFile; fileRef = 3A43D9461195A81E005C9F65 /* OpenGLES.framework */; };
		3A43D94B1195A82D005C9F65 /* QuartzCore.framework in Frameworks */ = {isa = PBXBuildFile; fileRef = 3A43D94A1195A82D005C9F65 /* QuartzCore.framework */; };
		3A49384D119A068E0091ABDB /* MediaPlayer.framework in Frameworks */ = {isa = PBXBuildFile; fileRef = 3A49384C119A068E0091ABDB /* MediaPlayer.framework */; };
		3A58EDA311A290A900BC976C /* clap_v2.wav in Resources */ = {isa = PBXBuildFile; fileRef = 3A58ED9B11A290A900BC976C /* clap_v2.wav */; };
		3A58EDA411A290A900BC976C /* clock2.wav in Resources */ = {isa = PBXBuildFile; fileRef = 3A58ED9C11A290A900BC976C /* clock2.wav */; };
		3A58EDA511A290A900BC976C /* Fluide_v2.wav in Resources */ = {isa = PBXBuildFile; fileRef = 3A58ED9D11A290A900BC976C /* Fluide_v2.wav */; };
		3A58EDA611A290A900BC976C /* links.wav in Resources */ = {isa = PBXBuildFile; fileRef = 3A58ED9E11A290A900BC976C /* links.wav */; };
		3A58EDA711A290A900BC976C /* login_v2.wav in Resources */ = {isa = PBXBuildFile; fileRef = 3A58ED9F11A290A900BC976C /* login_v2.wav */; };
		3A58EDA811A290A900BC976C /* projector_v2.wav in Resources */ = {isa = PBXBuildFile; fileRef = 3A58EDA011A290A900BC976C /* projector_v2.wav */; };
		3A58EDA911A290A900BC976C /* realite augmentee.wav in Resources */ = {isa = PBXBuildFile; fileRef = 3A58EDA111A290A900BC976C /* realite augmentee.wav */; };
		3A58EDAA11A290A900BC976C /* shop.wav in Resources */ = {isa = PBXBuildFile; fileRef = 3A58EDA211A290A900BC976C /* shop.wav */; };
		3A58EDB011A290E100BC976C /* SoundEffect.m in Sources */ = {isa = PBXBuildFile; fileRef = 3A58EDAF11A290E100BC976C /* SoundEffect.m */; };
		3A58EDB411A2913000BC976C /* SoundManager.m in Sources */ = {isa = PBXBuildFile; fileRef = 3A58EDB311A2913000BC976C /* SoundManager.m */; };
		3A58EDB911A291F200BC976C /* AudioToolbox.framework in Frameworks */ = {isa = PBXBuildFile; fileRef = 3A58EDB811A291F200BC976C /* AudioToolbox.framework */; };
		3A9981FE119D2C79000ECE4E /* button_21_0.png in Resources */ = {isa = PBXBuildFile; fileRef = 3A9981E6119D2C79000ECE4E /* button_21_0.png */; };
		3A9981FF119D2C79000ECE4E /* button_21_1.png in Resources */ = {isa = PBXBuildFile; fileRef = 3A9981E7119D2C79000ECE4E /* button_21_1.png */; };
		3A998200119D2C79000ECE4E /* button_21_10.png in Resources */ = {isa = PBXBuildFile; fileRef = 3A9981E8119D2C79000ECE4E /* button_21_10.png */; };
		3A998201119D2C79000ECE4E /* button_21_11.png in Resources */ = {isa = PBXBuildFile; fileRef = 3A9981E9119D2C79000ECE4E /* button_21_11.png */; };
		3A998202119D2C79000ECE4E /* button_21_12.png in Resources */ = {isa = PBXBuildFile; fileRef = 3A9981EA119D2C79000ECE4E /* button_21_12.png */; };
		3A998203119D2C79000ECE4E /* button_21_13.png in Resources */ = {isa = PBXBuildFile; fileRef = 3A9981EB119D2C79000ECE4E /* button_21_13.png */; };
		3A998204119D2C79000ECE4E /* button_21_14.png in Resources */ = {isa = PBXBuildFile; fileRef = 3A9981EC119D2C79000ECE4E /* button_21_14.png */; };
		3A998205119D2C79000ECE4E /* button_21_15.png in Resources */ = {isa = PBXBuildFile; fileRef = 3A9981ED119D2C79000ECE4E /* button_21_15.png */; };
		3A998206119D2C79000ECE4E /* button_21_16.png in Resources */ = {isa = PBXBuildFile; fileRef = 3A9981EE119D2C79000ECE4E /* button_21_16.png */; };
		3A998207119D2C79000ECE4E /* button_21_17.png in Resources */ = {isa = PBXBuildFile; fileRef = 3A9981EF119D2C79000ECE4E /* button_21_17.png */; };
		3A998208119D2C79000ECE4E /* button_21_18.png in Resources */ = {isa = PBXBuildFile; fileRef = 3A9981F0119D2C79000ECE4E /* button_21_18.png */; };
		3A998209119D2C79000ECE4E /* button_21_19.png in Resources */ = {isa = PBXBuildFile; fileRef = 3A9981F1119D2C79000ECE4E /* button_21_19.png */; };
		3A99820A119D2C79000ECE4E /* button_21_2.png in Resources */ = {isa = PBXBuildFile; fileRef = 3A9981F2119D2C79000ECE4E /* button_21_2.png */; };
		3A99820B119D2C79000ECE4E /* button_21_20.png in Resources */ = {isa = PBXBuildFile; fileRef = 3A9981F3119D2C79000ECE4E /* button_21_20.png */; };
		3A99820C119D2C79000ECE4E /* button_21_21.png in Resources */ = {isa = PBXBuildFile; fileRef = 3A9981F4119D2C79000ECE4E /* button_21_21.png */; };
		3A99820D119D2C79000ECE4E /* button_21_22.png in Resources */ = {isa = PBXBuildFile; fileRef = 3A9981F5119D2C79000ECE4E /* button_21_22.png */; };
		3A99820E119D2C79000ECE4E /* button_21_23.png in Resources */ = {isa = PBXBuildFile; fileRef = 3A9981F6119D2C79000ECE4E /* button_21_23.png */; };
		3A99820F119D2C79000ECE4E /* button_21_3.png in Resources */ = {isa = PBXBuildFile; fileRef = 3A9981F7119D2C79000ECE4E /* button_21_3.png */; };
		3A998210119D2C79000ECE4E /* button_21_4.png in Resources */ = {isa = PBXBuildFile; fileRef = 3A9981F8119D2C79000ECE4E /* button_21_4.png */; };
		3A998211119D2C79000ECE4E /* button_21_5.png in Resources */ = {isa = PBXBuildFile; fileRef = 3A9981F9119D2C79000ECE4E /* button_21_5.png */; };
		3A998212119D2C79000ECE4E /* button_21_6.png in Resources */ = {isa = PBXBuildFile; fileRef = 3A9981FA119D2C79000ECE4E /* button_21_6.png */; };
		3A998213119D2C79000ECE4E /* button_21_7.png in Resources */ = {isa = PBXBuildFile; fileRef = 3A9981FB119D2C79000ECE4E /* button_21_7.png */; };
		3A998214119D2C79000ECE4E /* button_21_8.png in Resources */ = {isa = PBXBuildFile; fileRef = 3A9981FC119D2C79000ECE4E /* button_21_8.png */; };
		3A998215119D2C79000ECE4E /* button_21_9.png in Resources */ = {isa = PBXBuildFile; fileRef = 3A9981FD119D2C79000ECE4E /* button_21_9.png */; };
		3A998240119D3224000ECE4E /* test.mp4 in Resources */ = {isa = PBXBuildFile; fileRef = 3A99823F119D3224000ECE4E /* test.mp4 */; };
		3A9E7A2E11A5D5E100C32968 /* MovieFeatureView.m in Sources */ = {isa = PBXBuildFile; fileRef = 3A9E7A2D11A5D5E100C32968 /* MovieFeatureView.m */; };
		3AA6C9DF119630AD00026526 /* EAGLView.m in Sources */ = {isa = PBXBuildFile; fileRef = 3AA6C9DE119630AD00026526 /* EAGLView.m */; };
		3AD3946311A5304600654504 /* ButtonView.m in Sources */ = {isa = PBXBuildFile; fileRef = 3AD3945311A5304600654504 /* ButtonView.m */; };
		3AD3946411A5304600654504 /* ClockButtonView.m in Sources */ = {isa = PBXBuildFile; fileRef = 3AD3945611A5304600654504 /* ClockButtonView.m */; };
		3AD3946511A5304600654504 /* CompassButtonView.m in Sources */ = {isa = PBXBuildFile; fileRef = 3AD3945811A5304600654504 /* CompassButtonView.m */; };
		3AD3946611A5304600654504 /* CubeButtonView.m in Sources */ = {isa = PBXBuildFile; fileRef = 3AD3945A11A5304600654504 /* CubeButtonView.m */; };
		3AD3946711A5304600654504 /* RotationButtonView.m in Sources */ = {isa = PBXBuildFile; fileRef = 3AD3945C11A5304600654504 /* RotationButtonView.m */; };
		3AD3946811A5304600654504 /* VideoButtonView.m in Sources */ = {isa = PBXBuildFile; fileRef = 3AD3945E11A5304600654504 /* VideoButtonView.m */; };
		3AD3946911A5304600654504 /* MainMenuView.m in Sources */ = {isa = PBXBuildFile; fileRef = 3AD3946111A5304600654504 /* MainMenuView.m */; };
		3AD3946F11A5313900654504 /* FeatureView.m in Sources */ = {isa = PBXBuildFile; fileRef = 3AD3946E11A5313900654504 /* FeatureView.m */; };
		3AD3949311A537E100654504 /* agnes_london_53.jpg in Resources */ = {isa = PBXBuildFile; fileRef = 3AD3949211A537E100654504 /* agnes_london_53.jpg */; };
		3AD3949611A5380900654504 /* FluidFeatureView.m in Sources */ = {isa = PBXBuildFile; fileRef = 3AD3949511A5380900654504 /* FluidFeatureView.m */; };
		3AD394D211A541B100654504 /* loremipsum.txt in Resources */ = {isa = PBXBuildFile; fileRef = 3AD394D111A541B100654504 /* loremipsum.txt */; };
/* End PBXBuildFile section */

/* Begin PBXFileReference section */
		1D30AB110D05D00D00671497 /* Foundation.framework */ = {isa = PBXFileReference; lastKnownFileType = wrapper.framework; name = Foundation.framework; path = System/Library/Frameworks/Foundation.framework; sourceTree = SDKROOT; };
		1D6058910D05DD3D006BFB54 /* Digital 2.0.app */ = {isa = PBXFileReference; explicitFileType = wrapper.application; includeInIndex = 0; path = "Digital 2.0.app"; sourceTree = BUILT_PRODUCTS_DIR; };
		1DF5F4DF0D08C38300B7A737 /* UIKit.framework */ = {isa = PBXFileReference; lastKnownFileType = wrapper.framework; name = UIKit.framework; path = System/Library/Frameworks/UIKit.framework; sourceTree = SDKROOT; };
		288765FC0DF74451002DB57D /* CoreGraphics.framework */ = {isa = PBXFileReference; lastKnownFileType = wrapper.framework; name = CoreGraphics.framework; path = System/Library/Frameworks/CoreGraphics.framework; sourceTree = SDKROOT; };
		29B97316FDCFA39411CA2CEA /* main.m */ = {isa = PBXFileReference; fileEncoding = 4; lastKnownFileType = sourcecode.c.objc; path = main.m; sourceTree = "<group>"; };
		32CA4F630368D1EE00C91783 /* Digital 2.0_Prefix.pch */ = {isa = PBXFileReference; fileEncoding = 4; lastKnownFileType = sourcecode.c.h; path = "Digital 2.0_Prefix.pch"; sourceTree = "<group>"; };
		3A3BA19011957B3C0021D14B /* DemoAppDelegate.h */ = {isa = PBXFileReference; fileEncoding = 4; lastKnownFileType = sourcecode.c.h; path = DemoAppDelegate.h; sourceTree = "<group>"; };
		3A3BA19111957B3C0021D14B /* DemoAppDelegate.m */ = {isa = PBXFileReference; fileEncoding = 4; lastKnownFileType = sourcecode.c.objc; path = DemoAppDelegate.m; sourceTree = "<group>"; };
		3A3BA19811957B580021D14B /* MainWindow.xib */ = {isa = PBXFileReference; lastKnownFileType = file.xib; path = MainWindow.xib; sourceTree = "<group>"; };
		3A3BA19E11957C3D0021D14B /* button_11.png */ = {isa = PBXFileReference; lastKnownFileType = image.png; path = button_11.png; sourceTree = "<group>"; };
		3A3BA19F11957C3D0021D14B /* button_12.png */ = {isa = PBXFileReference; lastKnownFileType = image.png; path = button_12.png; sourceTree = "<group>"; };
		3A3BA1A011957C3D0021D14B /* button_13.png */ = {isa = PBXFileReference; lastKnownFileType = image.png; path = button_13.png; sourceTree = "<group>"; };
		3A3BA1A111957C3D0021D14B /* button_21.png */ = {isa = PBXFileReference; lastKnownFileType = image.png; path = button_21.png; sourceTree = "<group>"; };
		3A3BA1A211957C3D0021D14B /* button_22.png */ = {isa = PBXFileReference; lastKnownFileType = image.png; path = button_22.png; sourceTree = "<group>"; };
		3A3BA1A311957C3D0021D14B /* button_23.png */ = {isa = PBXFileReference; lastKnownFileType = image.png; path = button_23.png; sourceTree = "<group>"; };
		3A3BA1A411957C3D0021D14B /* button_31.png */ = {isa = PBXFileReference; lastKnownFileType = image.png; path = button_31.png; sourceTree = "<group>"; };
		3A3BA1A511957C3D0021D14B /* button_32.png */ = {isa = PBXFileReference; lastKnownFileType = image.png; path = button_32.png; sourceTree = "<group>"; };
		3A3BA1A611957C3D0021D14B /* button_33.png */ = {isa = PBXFileReference; lastKnownFileType = image.png; path = button_33.png; sourceTree = "<group>"; };
		3A3BA1A711957C3D0021D14B /* button_background.png */ = {isa = PBXFileReference; lastKnownFileType = image.png; path = button_background.png; sourceTree = "<group>"; };
		3A3BA1D8119581240021D14B /* MainMenuController.xib */ = {isa = PBXFileReference; lastKnownFileType = file.xib; path = MainMenuController.xib; sourceTree = "<group>"; };
		3A3BA1DB1195813A0021D14B /* MainMenuController.h */ = {isa = PBXFileReference; fileEncoding = 4; lastKnownFileType = sourcecode.c.h; path = MainMenuController.h; sourceTree = "<group>"; };
		3A3BA1DC1195813A0021D14B /* MainMenuController.m */ = {isa = PBXFileReference; fileEncoding = 4; lastKnownFileType = sourcecode.c.objc; path = MainMenuController.m; sourceTree = "<group>"; };
		3A3BA1E1119581970021D14B /* bar.png */ = {isa = PBXFileReference; lastKnownFileType = image.png; path = bar.png; sourceTree = "<group>"; };
		3A3BA1E2119581970021D14B /* companies.png */ = {isa = PBXFileReference; lastKnownFileType = image.png; path = companies.png; sourceTree = "<group>"; };
		3A3BA1E3119581970021D14B /* Default-Landscape.png */ = {isa = PBXFileReference; lastKnownFileType = image.png; path = "Default-Landscape.png"; sourceTree = "<group>"; };
		3A3BA1E4119581970021D14B /* Default-Portrait.png */ = {isa = PBXFileReference; lastKnownFileType = image.png; path = "Default-Portrait.png"; sourceTree = "<group>"; };
		3A3BA1E5119581970021D14B /* digital_20_title.png */ = {isa = PBXFileReference; lastKnownFileType = image.png; path = digital_20_title.png; sourceTree = "<group>"; };
		3A3BA1E6119581970021D14B /* footer.png */ = {isa = PBXFileReference; lastKnownFileType = image.png; path = footer.png; sourceTree = "<group>"; };
		3A3BA23A119584320021D14B /* Entitlements.plist */ = {isa = PBXFileReference; fileEncoding = 4; lastKnownFileType = text.plist.xml; path = Entitlements.plist; sourceTree = "<group>"; };
		3A3BA2B111958C180021D14B /* CoreLocation.framework */ = {isa = PBXFileReference; lastKnownFileType = wrapper.framework; name = CoreLocation.framework; path = System/Library/Frameworks/CoreLocation.framework; sourceTree = SDKROOT; };
		3A43D82011958FCD005C9F65 /* button_31_needle.png */ = {isa = PBXFileReference; lastKnownFileType = image.png; path = button_31_needle.png; sourceTree = "<group>"; };
		3A43D8B11195A38E005C9F65 /* button_22_hours.png */ = {isa = PBXFileReference; lastKnownFileType = image.png; path = button_22_hours.png; sourceTree = "<group>"; };
		3A43D8B21195A38E005C9F65 /* button_22_minutes.png */ = {isa = PBXFileReference; lastKnownFileType = image.png; path = button_22_minutes.png; sourceTree = "<group>"; };
		3A43D9461195A81E005C9F65 /* OpenGLES.framework */ = {isa = PBXFileReference; lastKnownFileType = wrapper.framework; name = OpenGLES.framework; path = System/Library/Frameworks/OpenGLES.framework; sourceTree = SDKROOT; };
		3A43D94A1195A82D005C9F65 /* QuartzCore.framework */ = {isa = PBXFileReference; lastKnownFileType = wrapper.framework; name = QuartzCore.framework; path = System/Library/Frameworks/QuartzCore.framework; sourceTree = SDKROOT; };
		3A49384C119A068E0091ABDB /* MediaPlayer.framework */ = {isa = PBXFileReference; lastKnownFileType = wrapper.framework; name = MediaPlayer.framework; path = System/Library/Frameworks/MediaPlayer.framework; sourceTree = SDKROOT; };
		3A58ED9B11A290A900BC976C /* clap_v2.wav */ = {isa = PBXFileReference; lastKnownFileType = audio.wav; path = clap_v2.wav; sourceTree = "<group>"; };
		3A58ED9C11A290A900BC976C /* clock2.wav */ = {isa = PBXFileReference; lastKnownFileType = audio.wav; path = clock2.wav; sourceTree = "<group>"; };
		3A58ED9D11A290A900BC976C /* Fluide_v2.wav */ = {isa = PBXFileReference; lastKnownFileType = audio.wav; path = Fluide_v2.wav; sourceTree = "<group>"; };
		3A58ED9E11A290A900BC976C /* links.wav */ = {isa = PBXFileReference; lastKnownFileType = audio.wav; path = links.wav; sourceTree = "<group>"; };
		3A58ED9F11A290A900BC976C /* login_v2.wav */ = {isa = PBXFileReference; lastKnownFileType = audio.wav; path = login_v2.wav; sourceTree = "<group>"; };
		3A58EDA011A290A900BC976C /* projector_v2.wav */ = {isa = PBXFileReference; lastKnownFileType = audio.wav; path = projector_v2.wav; sourceTree = "<group>"; };
		3A58EDA111A290A900BC976C /* realite augmentee.wav */ = {isa = PBXFileReference; lastKnownFileType = audio.wav; path = "realite augmentee.wav"; sourceTree = "<group>"; };
		3A58EDA211A290A900BC976C /* shop.wav */ = {isa = PBXFileReference; lastKnownFileType = audio.wav; path = shop.wav; sourceTree = "<group>"; };
		3A58EDAE11A290E100BC976C /* SoundEffect.h */ = {isa = PBXFileReference; fileEncoding = 4; lastKnownFileType = sourcecode.c.h; path = SoundEffect.h; sourceTree = "<group>"; };
		3A58EDAF11A290E100BC976C /* SoundEffect.m */ = {isa = PBXFileReference; fileEncoding = 4; lastKnownFileType = sourcecode.c.objc; path = SoundEffect.m; sourceTree = "<group>"; };
		3A58EDB211A2913000BC976C /* SoundManager.h */ = {isa = PBXFileReference; fileEncoding = 4; lastKnownFileType = sourcecode.c.h; path = SoundManager.h; sourceTree = "<group>"; };
		3A58EDB311A2913000BC976C /* SoundManager.m */ = {isa = PBXFileReference; fileEncoding = 4; lastKnownFileType = sourcecode.c.objc; path = SoundManager.m; sourceTree = "<group>"; };
		3A58EDB811A291F200BC976C /* AudioToolbox.framework */ = {isa = PBXFileReference; lastKnownFileType = wrapper.framework; name = AudioToolbox.framework; path = System/Library/Frameworks/AudioToolbox.framework; sourceTree = SDKROOT; };
		3A58EE2F11A2972C00BC976C /* SynthesizeSingleton.h */ = {isa = PBXFileReference; fileEncoding = 4; lastKnownFileType = sourcecode.c.h; path = SynthesizeSingleton.h; sourceTree = "<group>"; };
		3A9981E6119D2C79000ECE4E /* button_21_0.png */ = {isa = PBXFileReference; lastKnownFileType = image.png; path = button_21_0.png; sourceTree = "<group>"; };
		3A9981E7119D2C79000ECE4E /* button_21_1.png */ = {isa = PBXFileReference; lastKnownFileType = image.png; path = button_21_1.png; sourceTree = "<group>"; };
		3A9981E8119D2C79000ECE4E /* button_21_10.png */ = {isa = PBXFileReference; lastKnownFileType = image.png; path = button_21_10.png; sourceTree = "<group>"; };
		3A9981E9119D2C79000ECE4E /* button_21_11.png */ = {isa = PBXFileReference; lastKnownFileType = image.png; path = button_21_11.png; sourceTree = "<group>"; };
		3A9981EA119D2C79000ECE4E /* button_21_12.png */ = {isa = PBXFileReference; lastKnownFileType = image.png; path = button_21_12.png; sourceTree = "<group>"; };
		3A9981EB119D2C79000ECE4E /* button_21_13.png */ = {isa = PBXFileReference; lastKnownFileType = image.png; path = button_21_13.png; sourceTree = "<group>"; };
		3A9981EC119D2C79000ECE4E /* button_21_14.png */ = {isa = PBXFileReference; lastKnownFileType = image.png; path = button_21_14.png; sourceTree = "<group>"; };
		3A9981ED119D2C79000ECE4E /* button_21_15.png */ = {isa = PBXFileReference; lastKnownFileType = image.png; path = button_21_15.png; sourceTree = "<group>"; };
		3A9981EE119D2C79000ECE4E /* button_21_16.png */ = {isa = PBXFileReference; lastKnownFileType = image.png; path = button_21_16.png; sourceTree = "<group>"; };
		3A9981EF119D2C79000ECE4E /* button_21_17.png */ = {isa = PBXFileReference; lastKnownFileType = image.png; path = button_21_17.png; sourceTree = "<group>"; };
		3A9981F0119D2C79000ECE4E /* button_21_18.png */ = {isa = PBXFileReference; lastKnownFileType = image.png; path = button_21_18.png; sourceTree = "<group>"; };
		3A9981F1119D2C79000ECE4E /* button_21_19.png */ = {isa = PBXFileReference; lastKnownFileType = image.png; path = button_21_19.png; sourceTree = "<group>"; };
		3A9981F2119D2C79000ECE4E /* button_21_2.png */ = {isa = PBXFileReference; lastKnownFileType = image.png; path = button_21_2.png; sourceTree = "<group>"; };
		3A9981F3119D2C79000ECE4E /* button_21_20.png */ = {isa = PBXFileReference; lastKnownFileType = image.png; path = button_21_20.png; sourceTree = "<group>"; };
		3A9981F4119D2C79000ECE4E /* button_21_21.png */ = {isa = PBXFileReference; lastKnownFileType = image.png; path = button_21_21.png; sourceTree = "<group>"; };
		3A9981F5119D2C79000ECE4E /* button_21_22.png */ = {isa = PBXFileReference; lastKnownFileType = image.png; path = button_21_22.png; sourceTree = "<group>"; };
		3A9981F6119D2C79000ECE4E /* button_21_23.png */ = {isa = PBXFileReference; lastKnownFileType = image.png; path = button_21_23.png; sourceTree = "<group>"; };
		3A9981F7119D2C79000ECE4E /* button_21_3.png */ = {isa = PBXFileReference; lastKnownFileType = image.png; path = button_21_3.png; sourceTree = "<group>"; };
		3A9981F8119D2C79000ECE4E /* button_21_4.png */ = {isa = PBXFileReference; lastKnownFileType = image.png; path = button_21_4.png; sourceTree = "<group>"; };
		3A9981F9119D2C79000ECE4E /* button_21_5.png */ = {isa = PBXFileReference; lastKnownFileType = image.png; path = button_21_5.png; sourceTree = "<group>"; };
		3A9981FA119D2C79000ECE4E /* button_21_6.png */ = {isa = PBXFileReference; lastKnownFileType = image.png; path = button_21_6.png; sourceTree = "<group>"; };
		3A9981FB119D2C79000ECE4E /* button_21_7.png */ = {isa = PBXFileReference; lastKnownFileType = image.png; path = button_21_7.png; sourceTree = "<group>"; };
		3A9981FC119D2C79000ECE4E /* button_21_8.png */ = {isa = PBXFileReference; lastKnownFileType = image.png; path = button_21_8.png; sourceTree = "<group>"; };
		3A9981FD119D2C79000ECE4E /* button_21_9.png */ = {isa = PBXFileReference; lastKnownFileType = image.png; path = button_21_9.png; sourceTree = "<group>"; };
		3A99823F119D3224000ECE4E /* test.mp4 */ = {isa = PBXFileReference; lastKnownFileType = file; path = test.mp4; sourceTree = "<group>"; };
		3A9E7A2C11A5D5E100C32968 /* MovieFeatureView.h */ = {isa = PBXFileReference; fileEncoding = 4; lastKnownFileType = sourcecode.c.h; path = MovieFeatureView.h; sourceTree = "<group>"; };
		3A9E7A2D11A5D5E100C32968 /* MovieFeatureView.m */ = {isa = PBXFileReference; fileEncoding = 4; lastKnownFileType = sourcecode.c.objc; path = MovieFeatureView.m; sourceTree = "<group>"; };
		3AA6C9DD119630AD00026526 /* EAGLView.h */ = {isa = PBXFileReference; fileEncoding = 4; lastKnownFileType = sourcecode.c.h; path = EAGLView.h; sourceTree = "<group>"; };
		3AA6C9DE119630AD00026526 /* EAGLView.m */ = {isa = PBXFileReference; fileEncoding = 4; lastKnownFileType = sourcecode.c.objc; path = EAGLView.m; sourceTree = "<group>"; };
		3AD3945211A5304600654504 /* ButtonView.h */ = {isa = PBXFileReference; fileEncoding = 4; lastKnownFileType = sourcecode.c.h; path = ButtonView.h; sourceTree = "<group>"; };
		3AD3945311A5304600654504 /* ButtonView.m */ = {isa = PBXFileReference; fileEncoding = 4; lastKnownFileType = sourcecode.c.objc; path = ButtonView.m; sourceTree = "<group>"; };
		3AD3945411A5304600654504 /* ButtonViewDelegate.h */ = {isa = PBXFileReference; fileEncoding = 4; lastKnownFileType = sourcecode.c.h; path = ButtonViewDelegate.h; sourceTree = "<group>"; };
		3AD3945511A5304600654504 /* ClockButtonView.h */ = {isa = PBXFileReference; fileEncoding = 4; lastKnownFileType = sourcecode.c.h; path = ClockButtonView.h; sourceTree = "<group>"; };
		3AD3945611A5304600654504 /* ClockButtonView.m */ = {isa = PBXFileReference; fileEncoding = 4; lastKnownFileType = sourcecode.c.objc; path = ClockButtonView.m; sourceTree = "<group>"; };
		3AD3945711A5304600654504 /* CompassButtonView.h */ = {isa = PBXFileReference; fileEncoding = 4; lastKnownFileType = sourcecode.c.h; path = CompassButtonView.h; sourceTree = "<group>"; };
		3AD3945811A5304600654504 /* CompassButtonView.m */ = {isa = PBXFileReference; fileEncoding = 4; lastKnownFileType = sourcecode.c.objc; path = CompassButtonView.m; sourceTree = "<group>"; };
		3AD3945911A5304600654504 /* CubeButtonView.h */ = {isa = PBXFileReference; fileEncoding = 4; lastKnownFileType = sourcecode.c.h; path = CubeButtonView.h; sourceTree = "<group>"; };
		3AD3945A11A5304600654504 /* CubeButtonView.m */ = {isa = PBXFileReference; fileEncoding = 4; lastKnownFileType = sourcecode.c.objc; path = CubeButtonView.m; sourceTree = "<group>"; };
		3AD3945B11A5304600654504 /* RotationButtonView.h */ = {isa = PBXFileReference; fileEncoding = 4; lastKnownFileType = sourcecode.c.h; path = RotationButtonView.h; sourceTree = "<group>"; };
		3AD3945C11A5304600654504 /* RotationButtonView.m */ = {isa = PBXFileReference; fileEncoding = 4; lastKnownFileType = sourcecode.c.objc; path = RotationButtonView.m; sourceTree = "<group>"; };
		3AD3945D11A5304600654504 /* VideoButtonView.h */ = {isa = PBXFileReference; fileEncoding = 4; lastKnownFileType = sourcecode.c.h; path = VideoButtonView.h; sourceTree = "<group>"; };
		3AD3945E11A5304600654504 /* VideoButtonView.m */ = {isa = PBXFileReference; fileEncoding = 4; lastKnownFileType = sourcecode.c.objc; path = VideoButtonView.m; sourceTree = "<group>"; };
		3AD3946011A5304600654504 /* MainMenuView.h */ = {isa = PBXFileReference; fileEncoding = 4; lastKnownFileType = sourcecode.c.h; path = MainMenuView.h; sourceTree = "<group>"; };
		3AD3946111A5304600654504 /* MainMenuView.m */ = {isa = PBXFileReference; fileEncoding = 4; lastKnownFileType = sourcecode.c.objc; path = MainMenuView.m; sourceTree = "<group>"; };
		3AD3946211A5304600654504 /* MainMenuViewDelegate.h */ = {isa = PBXFileReference; fileEncoding = 4; lastKnownFileType = sourcecode.c.h; path = MainMenuViewDelegate.h; sourceTree = "<group>"; };
		3AD3946D11A5313900654504 /* FeatureView.h */ = {isa = PBXFileReference; fileEncoding = 4; lastKnownFileType = sourcecode.c.h; path = FeatureView.h; sourceTree = "<group>"; };
		3AD3946E11A5313900654504 /* FeatureView.m */ = {isa = PBXFileReference; fileEncoding = 4; lastKnownFileType = sourcecode.c.objc; path = FeatureView.m; sourceTree = "<group>"; };
		3AD3949211A537E100654504 /* agnes_london_53.jpg */ = {isa = PBXFileReference; lastKnownFileType = image.jpeg; path = agnes_london_53.jpg; sourceTree = "<group>"; };
		3AD3949411A5380900654504 /* FluidFeatureView.h */ = {isa = PBXFileReference; fileEncoding = 4; lastKnownFileType = sourcecode.c.h; path = FluidFeatureView.h; sourceTree = "<group>"; };
		3AD3949511A5380900654504 /* FluidFeatureView.m */ = {isa = PBXFileReference; fileEncoding = 4; lastKnownFileType = sourcecode.c.objc; path = FluidFeatureView.m; sourceTree = "<group>"; };
		3AD394D111A541B100654504 /* loremipsum.txt */ = {isa = PBXFileReference; fileEncoding = 4; lastKnownFileType = text; path = loremipsum.txt; sourceTree = "<group>"; };
		8D1107310486CEB800E47090 /* Digital 2.0-Info.plist */ = {isa = PBXFileReference; fileEncoding = 4; lastKnownFileType = text.plist.xml; name = "Digital 2.0-Info.plist"; path = "../Digital 2.0-Info.plist"; plistStructureDefinitionIdentifier = "com.apple.xcode.plist.structure-definition.iphone.info-plist"; sourceTree = "<group>"; };
/* End PBXFileReference section */

/* Begin PBXFrameworksBuildPhase section */
		1D60588F0D05DD3D006BFB54 /* Frameworks */ = {
			isa = PBXFrameworksBuildPhase;
			buildActionMask = 2147483647;
			files = (
				1D60589F0D05DD5A006BFB54 /* Foundation.framework in Frameworks */,
				1DF5F4E00D08C38300B7A737 /* UIKit.framework in Frameworks */,
				288765FD0DF74451002DB57D /* CoreGraphics.framework in Frameworks */,
				3A3BA2B211958C180021D14B /* CoreLocation.framework in Frameworks */,
				3A43D9471195A81E005C9F65 /* OpenGLES.framework in Frameworks */,
				3A43D94B1195A82D005C9F65 /* QuartzCore.framework in Frameworks */,
				3A49384D119A068E0091ABDB /* MediaPlayer.framework in Frameworks */,
				3A58EDB911A291F200BC976C /* AudioToolbox.framework in Frameworks */,
			);
			runOnlyForDeploymentPostprocessing = 0;
		};
/* End PBXFrameworksBuildPhase section */

/* Begin PBXGroup section */
		19C28FACFE9D520D11CA2CBB /* Products */ = {
			isa = PBXGroup;
			children = (
				1D6058910D05DD3D006BFB54 /* Digital 2.0.app */,
			);
			name = Products;
			sourceTree = "<group>";
		};
		29B97314FDCFA39411CA2CEA /* CustomTemplate */ = {
			isa = PBXGroup;
			children = (
				3A3BA18E11957B3C0021D14B /* Classes */,
				3A58EDAC11A290D600BC976C /* Externals */,
				3A3BA19511957B470021D14B /* Resources */,
				29B97315FDCFA39411CA2CEA /* Other Sources */,
				29B97323FDCFA39411CA2CEA /* Frameworks */,
				19C28FACFE9D520D11CA2CBB /* Products */,
			);
			name = CustomTemplate;
			sourceTree = "<group>";
		};
		29B97315FDCFA39411CA2CEA /* Other Sources */ = {
			isa = PBXGroup;
			children = (
				32CA4F630368D1EE00C91783 /* Digital 2.0_Prefix.pch */,
				29B97316FDCFA39411CA2CEA /* main.m */,
			);
			name = "Other Sources";
			sourceTree = "<group>";
		};
		29B97323FDCFA39411CA2CEA /* Frameworks */ = {
			isa = PBXGroup;
			children = (
				3A58EDB811A291F200BC976C /* AudioToolbox.framework */,
				3A49384C119A068E0091ABDB /* MediaPlayer.framework */,
				3A3BA2B111958C180021D14B /* CoreLocation.framework */,
				3A43D9461195A81E005C9F65 /* OpenGLES.framework */,
				3A43D94A1195A82D005C9F65 /* QuartzCore.framework */,
				1DF5F4DF0D08C38300B7A737 /* UIKit.framework */,
				1D30AB110D05D00D00671497 /* Foundation.framework */,
				288765FC0DF74451002DB57D /* CoreGraphics.framework */,
			);
			name = Frameworks;
			sourceTree = "<group>";
		};
		3A3BA18E11957B3C0021D14B /* Classes */ = {
			isa = PBXGroup;
			children = (
				3A3BA18F11957B3C0021D14B /* AppDelegate */,
				3A3BA19211957B3C0021D14B /* Controllers */,
				3A3BA19311957B3C0021D14B /* Views */,
				3A43D93A1195A7E1005C9F65 /* Helpers */,
			);
			path = Classes;
			sourceTree = "<group>";
		};
		3A3BA18F11957B3C0021D14B /* AppDelegate */ = {
			isa = PBXGroup;
			children = (
				3A3BA19011957B3C0021D14B /* DemoAppDelegate.h */,
				3A3BA19111957B3C0021D14B /* DemoAppDelegate.m */,
			);
			path = AppDelegate;
			sourceTree = "<group>";
		};
		3A3BA19211957B3C0021D14B /* Controllers */ = {
			isa = PBXGroup;
			children = (
				3A3BA1DB1195813A0021D14B /* MainMenuController.h */,
				3A3BA1DC1195813A0021D14B /* MainMenuController.m */,
			);
			path = Controllers;
			sourceTree = "<group>";
		};
		3A3BA19311957B3C0021D14B /* Views */ = {
			isa = PBXGroup;
			children = (
				3AD3945111A5304600654504 /* Buttons */,
				3AD3945F11A5304600654504 /* MainMenu */,
				3AD3946C11A5312F00654504 /* Features */,
			);
			path = Views;
			sourceTree = "<group>";
		};
		3A3BA19511957B470021D14B /* Resources */ = {
			isa = PBXGroup;
			children = (
				8D1107310486CEB800E47090 /* Digital 2.0-Info.plist */,
				3A3BA23A119584320021D14B /* Entitlements.plist */,
				3A3BA19611957B470021D14B /* Images */,
				3A3BA19711957B470021D14B /* NIBs */,
				3A493843119A062E0091ABDB /* Videos */,
				3AD394D011A5419C00654504 /* Texts */,
				3A58ED9A11A290A900BC976C /* Sounds */,
			);
			path = Resources;
			sourceTree = "<group>";
		};
		3A3BA19611957B470021D14B /* Images */ = {
			isa = PBXGroup;
			children = (
				3A3BA1E1119581970021D14B /* bar.png */,
				3A3BA1E2119581970021D14B /* companies.png */,
				3A3BA1E3119581970021D14B /* Default-Landscape.png */,
				3A3BA1E4119581970021D14B /* Default-Portrait.png */,
				3A3BA1E5119581970021D14B /* digital_20_title.png */,
				3A3BA1E6119581970021D14B /* footer.png */,
				3A3BA19D11957C3D0021D14B /* Buttons */,
				3AD3949111A537D900654504 /* Features */,
			);
			path = Images;
			sourceTree = "<group>";
		};
		3A3BA19711957B470021D14B /* NIBs */ = {
			isa = PBXGroup;
			children = (
				3A3BA1D8119581240021D14B /* MainMenuController.xib */,
				3A3BA19811957B580021D14B /* MainWindow.xib */,
			);
			path = NIBs;
			sourceTree = "<group>";
		};
		3A3BA19D11957C3D0021D14B /* Buttons */ = {
			isa = PBXGroup;
			children = (
				3A9981E5119D2C79000ECE4E /* button_21 */,
				3A43D8B11195A38E005C9F65 /* button_22_hours.png */,
				3A43D8B21195A38E005C9F65 /* button_22_minutes.png */,
				3A43D82011958FCD005C9F65 /* button_31_needle.png */,
				3A3BA19E11957C3D0021D14B /* button_11.png */,
				3A3BA19F11957C3D0021D14B /* button_12.png */,
				3A3BA1A011957C3D0021D14B /* button_13.png */,
				3A3BA1A111957C3D0021D14B /* button_21.png */,
				3A3BA1A211957C3D0021D14B /* button_22.png */,
				3A3BA1A311957C3D0021D14B /* button_23.png */,
				3A3BA1A411957C3D0021D14B /* button_31.png */,
				3A3BA1A511957C3D0021D14B /* button_32.png */,
				3A3BA1A611957C3D0021D14B /* button_33.png */,
				3A3BA1A711957C3D0021D14B /* button_background.png */,
			);
			path = Buttons;
			sourceTree = "<group>";
		};
		3A43D93A1195A7E1005C9F65 /* Helpers */ = {
			isa = PBXGroup;
			children = (
				3AA6C9DD119630AD00026526 /* EAGLView.h */,
				3AA6C9DE119630AD00026526 /* EAGLView.m */,
				3A58EDB211A2913000BC976C /* SoundManager.h */,
				3A58EDB311A2913000BC976C /* SoundManager.m */,
			);
			path = Helpers;
			sourceTree = "<group>";
		};
		3A493843119A062E0091ABDB /* Videos */ = {
			isa = PBXGroup;
			children = (
				3A99823F119D3224000ECE4E /* test.mp4 */,
			);
			path = Videos;
			sourceTree = "<group>";
		};
		3A58ED9A11A290A900BC976C /* Sounds */ = {
			isa = PBXGroup;
			children = (
				3A58ED9B11A290A900BC976C /* clap_v2.wav */,
				3A58ED9C11A290A900BC976C /* clock2.wav */,
				3A58ED9D11A290A900BC976C /* Fluide_v2.wav */,
				3A58ED9E11A290A900BC976C /* links.wav */,
				3A58ED9F11A290A900BC976C /* login_v2.wav */,
				3A58EDA011A290A900BC976C /* projector_v2.wav */,
				3A58EDA111A290A900BC976C /* realite augmentee.wav */,
				3A58EDA211A290A900BC976C /* shop.wav */,
			);
			path = Sounds;
			sourceTree = "<group>";
		};
		3A58EDAC11A290D600BC976C /* Externals */ = {
			isa = PBXGroup;
			children = (
				3A58EE2E11A2972C00BC976C /* SynthesizeSingleton */,
				3A58EDAD11A290E100BC976C /* SoundEffect */,
			);
			path = Externals;
			sourceTree = "<group>";
		};
		3A58EDAD11A290E100BC976C /* SoundEffect */ = {
			isa = PBXGroup;
			children = (
				3A58EDAE11A290E100BC976C /* SoundEffect.h */,
				3A58EDAF11A290E100BC976C /* SoundEffect.m */,
			);
			path = SoundEffect;
			sourceTree = "<group>";
		};
		3A58EE2E11A2972C00BC976C /* SynthesizeSingleton */ = {
			isa = PBXGroup;
			children = (
				3A58EE2F11A2972C00BC976C /* SynthesizeSingleton.h */,
			);
			path = SynthesizeSingleton;
			sourceTree = "<group>";
		};
		3A9981E5119D2C79000ECE4E /* button_21 */ = {
			isa = PBXGroup;
			children = (
				3A9981E6119D2C79000ECE4E /* button_21_0.png */,
				3A9981E7119D2C79000ECE4E /* button_21_1.png */,
				3A9981E8119D2C79000ECE4E /* button_21_10.png */,
				3A9981E9119D2C79000ECE4E /* button_21_11.png */,
				3A9981EA119D2C79000ECE4E /* button_21_12.png */,
				3A9981EB119D2C79000ECE4E /* button_21_13.png */,
				3A9981EC119D2C79000ECE4E /* button_21_14.png */,
				3A9981ED119D2C79000ECE4E /* button_21_15.png */,
				3A9981EE119D2C79000ECE4E /* button_21_16.png */,
				3A9981EF119D2C79000ECE4E /* button_21_17.png */,
				3A9981F0119D2C79000ECE4E /* button_21_18.png */,
				3A9981F1119D2C79000ECE4E /* button_21_19.png */,
				3A9981F2119D2C79000ECE4E /* button_21_2.png */,
				3A9981F3119D2C79000ECE4E /* button_21_20.png */,
				3A9981F4119D2C79000ECE4E /* button_21_21.png */,
				3A9981F5119D2C79000ECE4E /* button_21_22.png */,
				3A9981F6119D2C79000ECE4E /* button_21_23.png */,
				3A9981F7119D2C79000ECE4E /* button_21_3.png */,
				3A9981F8119D2C79000ECE4E /* button_21_4.png */,
				3A9981F9119D2C79000ECE4E /* button_21_5.png */,
				3A9981FA119D2C79000ECE4E /* button_21_6.png */,
				3A9981FB119D2C79000ECE4E /* button_21_7.png */,
				3A9981FC119D2C79000ECE4E /* button_21_8.png */,
				3A9981FD119D2C79000ECE4E /* button_21_9.png */,
			);
			path = button_21;
			sourceTree = "<group>";
		};
		3AD3945111A5304600654504 /* Buttons */ = {
			isa = PBXGroup;
			children = (
				3AD3945211A5304600654504 /* ButtonView.h */,
				3AD3945311A5304600654504 /* ButtonView.m */,
				3AD3945411A5304600654504 /* ButtonViewDelegate.h */,
				3AD3945511A5304600654504 /* ClockButtonView.h */,
				3AD3945611A5304600654504 /* ClockButtonView.m */,
				3AD3945711A5304600654504 /* CompassButtonView.h */,
				3AD3945811A5304600654504 /* CompassButtonView.m */,
				3AD3945911A5304600654504 /* CubeButtonView.h */,
				3AD3945A11A5304600654504 /* CubeButtonView.m */,
				3AD3945B11A5304600654504 /* RotationButtonView.h */,
				3AD3945C11A5304600654504 /* RotationButtonView.m */,
				3AD3945D11A5304600654504 /* VideoButtonView.h */,
				3AD3945E11A5304600654504 /* VideoButtonView.m */,
			);
			path = Buttons;
			sourceTree = "<group>";
		};
		3AD3945F11A5304600654504 /* MainMenu */ = {
			isa = PBXGroup;
			children = (
				3AD3946011A5304600654504 /* MainMenuView.h */,
				3AD3946111A5304600654504 /* MainMenuView.m */,
				3AD3946211A5304600654504 /* MainMenuViewDelegate.h */,
			);
			path = MainMenu;
			sourceTree = "<group>";
		};
		3AD3946C11A5312F00654504 /* Features */ = {
			isa = PBXGroup;
			children = (
				3AD3946D11A5313900654504 /* FeatureView.h */,
				3AD3946E11A5313900654504 /* FeatureView.m */,
				3AD3949411A5380900654504 /* FluidFeatureView.h */,
				3AD3949511A5380900654504 /* FluidFeatureView.m */,
				3A9E7A2C11A5D5E100C32968 /* MovieFeatureView.h */,
				3A9E7A2D11A5D5E100C32968 /* MovieFeatureView.m */,
			);
			path = Features;
			sourceTree = "<group>";
		};
		3AD3949111A537D900654504 /* Features */ = {
			isa = PBXGroup;
			children = (
				3AD3949211A537E100654504 /* agnes_london_53.jpg */,
			);
			path = Features;
			sourceTree = "<group>";
		};
		3AD394D011A5419C00654504 /* Texts */ = {
			isa = PBXGroup;
			children = (
				3AD394D111A541B100654504 /* loremipsum.txt */,
			);
			path = Texts;
			sourceTree = "<group>";
		};
/* End PBXGroup section */

/* Begin PBXNativeTarget section */
		1D6058900D05DD3D006BFB54 /* Digital 2.0 */ = {
			isa = PBXNativeTarget;
			buildConfigurationList = 1D6058960D05DD3E006BFB54 /* Build configuration list for PBXNativeTarget "Digital 2.0" */;
			buildPhases = (
				1D60588D0D05DD3D006BFB54 /* Resources */,
				1D60588E0D05DD3D006BFB54 /* Sources */,
				1D60588F0D05DD3D006BFB54 /* Frameworks */,
			);
			buildRules = (
			);
			dependencies = (
			);
			name = "Digital 2.0";
			productName = Demo;
			productReference = 1D6058910D05DD3D006BFB54 /* Digital 2.0.app */;
			productType = "com.apple.product-type.application";
		};
/* End PBXNativeTarget section */

/* Begin PBXProject section */
		29B97313FDCFA39411CA2CEA /* Project object */ = {
			isa = PBXProject;
			attributes = {
				ORGANIZATIONNAME = "akosma software";
			};
			buildConfigurationList = C01FCF4E08A954540054247B /* Build configuration list for PBXProject "Digital 2.0" */;
			compatibilityVersion = "Xcode 3.1";
			hasScannedForEncodings = 1;
			mainGroup = 29B97314FDCFA39411CA2CEA /* CustomTemplate */;
			projectDirPath = "";
			projectRoot = "";
			targets = (
				1D6058900D05DD3D006BFB54 /* Digital 2.0 */,
			);
		};
/* End PBXProject section */

/* Begin PBXResourcesBuildPhase section */
		1D60588D0D05DD3D006BFB54 /* Resources */ = {
			isa = PBXResourcesBuildPhase;
			buildActionMask = 2147483647;
			files = (
				3A3BA19911957B580021D14B /* MainWindow.xib in Resources */,
				3A3BA1A811957C3D0021D14B /* button_11.png in Resources */,
				3A3BA1A911957C3D0021D14B /* button_12.png in Resources */,
				3A3BA1AA11957C3D0021D14B /* button_13.png in Resources */,
				3A3BA1AB11957C3D0021D14B /* button_21.png in Resources */,
				3A3BA1AC11957C3D0021D14B /* button_22.png in Resources */,
				3A3BA1AD11957C3D0021D14B /* button_23.png in Resources */,
				3A3BA1AE11957C3D0021D14B /* button_31.png in Resources */,
				3A3BA1AF11957C3D0021D14B /* button_32.png in Resources */,
				3A3BA1B011957C3D0021D14B /* button_33.png in Resources */,
				3A3BA1B111957C3D0021D14B /* button_background.png in Resources */,
				3A3BA1D9119581240021D14B /* MainMenuController.xib in Resources */,
				3A3BA1E7119581970021D14B /* bar.png in Resources */,
				3A3BA1E8119581970021D14B /* companies.png in Resources */,
				3A3BA1E9119581970021D14B /* Default-Landscape.png in Resources */,
				3A3BA1EA119581970021D14B /* Default-Portrait.png in Resources */,
				3A3BA1EB119581970021D14B /* digital_20_title.png in Resources */,
				3A3BA1EC119581970021D14B /* footer.png in Resources */,
				3A3BA23B119584320021D14B /* Entitlements.plist in Resources */,
				3A43D82111958FCD005C9F65 /* button_31_needle.png in Resources */,
				3A43D8B41195A38E005C9F65 /* button_22_hours.png in Resources */,
				3A43D8B51195A38E005C9F65 /* button_22_minutes.png in Resources */,
				3A9981FE119D2C79000ECE4E /* button_21_0.png in Resources */,
				3A9981FF119D2C79000ECE4E /* button_21_1.png in Resources */,
				3A998200119D2C79000ECE4E /* button_21_10.png in Resources */,
				3A998201119D2C79000ECE4E /* button_21_11.png in Resources */,
				3A998202119D2C79000ECE4E /* button_21_12.png in Resources */,
				3A998203119D2C79000ECE4E /* button_21_13.png in Resources */,
				3A998204119D2C79000ECE4E /* button_21_14.png in Resources */,
				3A998205119D2C79000ECE4E /* button_21_15.png in Resources */,
				3A998206119D2C79000ECE4E /* button_21_16.png in Resources */,
				3A998207119D2C79000ECE4E /* button_21_17.png in Resources */,
				3A998208119D2C79000ECE4E /* button_21_18.png in Resources */,
				3A998209119D2C79000ECE4E /* button_21_19.png in Resources */,
				3A99820A119D2C79000ECE4E /* button_21_2.png in Resources */,
				3A99820B119D2C79000ECE4E /* button_21_20.png in Resources */,
				3A99820C119D2C79000ECE4E /* button_21_21.png in Resources */,
				3A99820D119D2C79000ECE4E /* button_21_22.png in Resources */,
				3A99820E119D2C79000ECE4E /* button_21_23.png in Resources */,
				3A99820F119D2C79000ECE4E /* button_21_3.png in Resources */,
				3A998210119D2C79000ECE4E /* button_21_4.png in Resources */,
				3A998211119D2C79000ECE4E /* button_21_5.png in Resources */,
				3A998212119D2C79000ECE4E /* button_21_6.png in Resources */,
				3A998213119D2C79000ECE4E /* button_21_7.png in Resources */,
				3A998214119D2C79000ECE4E /* button_21_8.png in Resources */,
				3A998215119D2C79000ECE4E /* button_21_9.png in Resources */,
				3A998240119D3224000ECE4E /* test.mp4 in Resources */,
				3A58EDA311A290A900BC976C /* clap_v2.wav in Resources */,
				3A58EDA411A290A900BC976C /* clock2.wav in Resources */,
				3A58EDA511A290A900BC976C /* Fluide_v2.wav in Resources */,
				3A58EDA611A290A900BC976C /* links.wav in Resources */,
				3A58EDA711A290A900BC976C /* login_v2.wav in Resources */,
				3A58EDA811A290A900BC976C /* projector_v2.wav in Resources */,
				3A58EDA911A290A900BC976C /* realite augmentee.wav in Resources */,
				3A58EDAA11A290A900BC976C /* shop.wav in Resources */,
				3AD3949311A537E100654504 /* agnes_london_53.jpg in Resources */,
				3AD394D211A541B100654504 /* loremipsum.txt in Resources */,
			);
			runOnlyForDeploymentPostprocessing = 0;
		};
/* End PBXResourcesBuildPhase section */

/* Begin PBXSourcesBuildPhase section */
		1D60588E0D05DD3D006BFB54 /* Sources */ = {
			isa = PBXSourcesBuildPhase;
			buildActionMask = 2147483647;
			files = (
				1D60589B0D05DD56006BFB54 /* main.m in Sources */,
				3A3BA19411957B3C0021D14B /* DemoAppDelegate.m in Sources */,
				3A3BA1DD1195813A0021D14B /* MainMenuController.m in Sources */,
				3AA6C9DF119630AD00026526 /* EAGLView.m in Sources */,
				3A58EDB011A290E100BC976C /* SoundEffect.m in Sources */,
				3A58EDB411A2913000BC976C /* SoundManager.m in Sources */,
				3AD3946311A5304600654504 /* ButtonView.m in Sources */,
				3AD3946411A5304600654504 /* ClockButtonView.m in Sources */,
				3AD3946511A5304600654504 /* CompassButtonView.m in Sources */,
				3AD3946611A5304600654504 /* CubeButtonView.m in Sources */,
				3AD3946711A5304600654504 /* RotationButtonView.m in Sources */,
				3AD3946811A5304600654504 /* VideoButtonView.m in Sources */,
				3AD3946911A5304600654504 /* MainMenuView.m in Sources */,
				3AD3946F11A5313900654504 /* FeatureView.m in Sources */,
				3AD3949611A5380900654504 /* FluidFeatureView.m in Sources */,
				3A9E7A2E11A5D5E100C32968 /* MovieFeatureView.m in Sources */,
			);
			runOnlyForDeploymentPostprocessing = 0;
		};
/* End PBXSourcesBuildPhase section */

/* Begin XCBuildConfiguration section */
		1D6058940D05DD3E006BFB54 /* Debug */ = {
			isa = XCBuildConfiguration;
			buildSettings = {
				ALWAYS_SEARCH_USER_PATHS = NO;
				COPY_PHASE_STRIP = NO;
				GCC_DYNAMIC_NO_PIC = NO;
				GCC_OPTIMIZATION_LEVEL = 0;
				GCC_PRECOMPILE_PREFIX_HEADER = YES;
				GCC_PREFIX_HEADER = "Digital 2.0_Prefix.pch";
				INFOPLIST_FILE = "Digital 2.0-Info.plist";
				PRODUCT_NAME = "Digital 2.0";
			};
			name = Debug;
		};
		1D6058950D05DD3E006BFB54 /* Release */ = {
			isa = XCBuildConfiguration;
			buildSettings = {
				ALWAYS_SEARCH_USER_PATHS = NO;
				COPY_PHASE_STRIP = YES;
				GCC_PRECOMPILE_PREFIX_HEADER = YES;
				GCC_PREFIX_HEADER = "Digital 2.0_Prefix.pch";
				INFOPLIST_FILE = "Digital 2.0-Info.plist";
				PRODUCT_NAME = "Digital 2.0";
				VALIDATE_PRODUCT = YES;
			};
			name = Release;
		};
		3A3BA23C1195843A0021D14B /* DistributionAdHoc */ = {
			isa = XCBuildConfiguration;
			buildSettings = {
				"ARCHS[sdk=iphoneos*]" = armv7;
				"ARCHS[sdk=iphonesimulator*]" = i386;
				"CODE_SIGN_IDENTITY[sdk=iphoneos*]" = "iPhone Developer";
				GCC_C_LANGUAGE_STANDARD = c99;
				GCC_WARN_ABOUT_RETURN_TYPE = YES;
				GCC_WARN_UNUSED_VARIABLE = YES;
				OTHER_CFLAGS = "-DNS_BLOCK_ASSERTIONS=1";
				PREBINDING = NO;
				SDKROOT = iphoneos3.2;
				TARGETED_DEVICE_FAMILY = 2;
			};
			name = DistributionAdHoc;
		};
		3A3BA23D1195843A0021D14B /* DistributionAdHoc */ = {
			isa = XCBuildConfiguration;
			buildSettings = {
				ALWAYS_SEARCH_USER_PATHS = NO;
				CODE_SIGN_ENTITLEMENTS = Resources/Entitlements.plist;
				"CODE_SIGN_IDENTITY[sdk=iphoneos*]" = "iPhone Distribution";
				COPY_PHASE_STRIP = YES;
				GCC_PRECOMPILE_PREFIX_HEADER = YES;
				GCC_PREFIX_HEADER = "Digital 2.0_Prefix.pch";
				INFOPLIST_FILE = "Digital 2.0-Info.plist";
				PRODUCT_NAME = "Digital 2.0";
				"PROVISIONING_PROFILE[sdk=iphoneos*]" = "";
				VALIDATE_PRODUCT = YES;
			};
			name = DistributionAdHoc;
		};
		C01FCF4F08A954540054247B /* Debug */ = {
			isa = XCBuildConfiguration;
			buildSettings = {
				"ARCHS[sdk=iphoneos*]" = armv7;
				"ARCHS[sdk=iphonesimulator*]" = i386;
				"CODE_SIGN_IDENTITY[sdk=iphoneos*]" = "iPhone Developer";
				GCC_C_LANGUAGE_STANDARD = c99;
				GCC_WARN_ABOUT_RETURN_TYPE = YES;
				GCC_WARN_UNUSED_VARIABLE = YES;
				PREBINDING = NO;
				SDKROOT = iphoneos3.2;
				TARGETED_DEVICE_FAMILY = 2;
			};
			name = Debug;
		};
		C01FCF5008A954540054247B /* Release */ = {
			isa = XCBuildConfiguration;
			buildSettings = {
				"ARCHS[sdk=iphoneos*]" = armv7;
				"ARCHS[sdk=iphonesimulator*]" = i386;
				"CODE_SIGN_IDENTITY[sdk=iphoneos*]" = "iPhone Developer";
				GCC_C_LANGUAGE_STANDARD = c99;
				GCC_WARN_ABOUT_RETURN_TYPE = YES;
				GCC_WARN_UNUSED_VARIABLE = YES;
				OTHER_CFLAGS = "-DNS_BLOCK_ASSERTIONS=1";
				PREBINDING = NO;
				SDKROOT = iphoneos3.2;
				TARGETED_DEVICE_FAMILY = 2;
			};
			name = Release;
		};
/* End XCBuildConfiguration section */

/* Begin XCConfigurationList section */
		1D6058960D05DD3E006BFB54 /* Build configuration list for PBXNativeTarget "Digital 2.0" */ = {
			isa = XCConfigurationList;
			buildConfigurations = (
				1D6058940D05DD3E006BFB54 /* Debug */,
				1D6058950D05DD3E006BFB54 /* Release */,
				3A3BA23D1195843A0021D14B /* DistributionAdHoc */,
			);
			defaultConfigurationIsVisible = 0;
			defaultConfigurationName = Release;
		};
		C01FCF4E08A954540054247B /* Build configuration list for PBXProject "Digital 2.0" */ = {
			isa = XCConfigurationList;
			buildConfigurations = (
				C01FCF4F08A954540054247B /* Debug */,
				C01FCF5008A954540054247B /* Release */,
				3A3BA23C1195843A0021D14B /* DistributionAdHoc */,
			);
			defaultConfigurationIsVisible = 0;
			defaultConfigurationName = Release;
		};
/* End XCConfigurationList section */
	};
	rootObject = 29B97313FDCFA39411CA2CEA /* Project object */;
}
